{
  "name": "blast",
  "version": "0.1.0",
  "lockfileVersion": 3,
  "requires": true,
  "packages": {
    "": {
      "name": "blast",
      "version": "0.1.0",
      "license": "ISC",
      "dependencies": {
        "jzz": "^1.9.6",
        "uiohook-napi": "^1.5.5"
      }
    },
    "node_modules/jazz-midi": {
      "version": "1.7.9",
      "resolved": "https://registry.npmjs.org/jazz-midi/-/jazz-midi-1.7.9.tgz",
      "integrity": "sha512-c8c4BBgwxdsIr1iVm53nadCrtH7BUlnX3V95ciK/gbvXN/ndE5+POskBalXgqlc/r9p2XUbdLTrgrC6fou5p9w==",
      "license": "MIT",
      "engines": {
        "node": ">=10.0.0"
      }
    },
    "node_modules/jzz": {
      "version": "1.9.6",
      "resolved": "https://registry.npmjs.org/jzz/-/jzz-1.9.6.tgz",
      "integrity": "sha512-J7ENLhXwfm2BNDKRUrL8eKtPhUS/CtMBpiafxQHDBcOWSocLhearDKEdh+ylnZFcr5OXWTed0gj6l/txeQA9vg==",
      "license": "MIT",
      "dependencies": {
        "jazz-midi": "^1.7.9"
      }
    },
    "node_modules/node-gyp-build": {
      "version": "4.8.4",
      "resolved": "https://registry.npmjs.org/node-gyp-build/-/node-gyp-build-4.8.4.tgz",
      "integrity": "sha512-LA4ZjwlnUblHVgq0oBF3Jl/6h/Nvs5fzBLwdEF4nuxnFdsfajde4WfxtJr3CaiH+F6ewcIB/q4jQ4UzPyid+CQ==",
      "license": "MIT",
      "bin": {
        "node-gyp-build": "bin.js",
        "node-gyp-build-optional": "optional.js",
        "node-gyp-build-test": "build-test.js"
      }
    },
    "node_modules/uiohook-napi": {
      "version": "1.5.5",
      "resolved": "https://registry.npmjs.org/uiohook-napi/-/uiohook-napi-1.5.5.tgz",
      "integrity": "sha512-oSlTdnECw2GBfsJPTbBQBeE4v/EXP0EZmX6BJq5nzH/JgFaBE8JpFwEA/kLhiEP7HxQw28FViWiYgdIZzWuuJQ==",
      "hasInstallScript": true,
      "license": "MIT",
      "dependencies": {
        "node-gyp-build": "^4.8.4"
      },
      "engines": {
        "node": ">= 16"
      }
    }
  }
}
